
Microsoft Visual Studio Solution File, Format Version 12.00
# Visual Studio Version 16
VisualStudioVersion = 16.0.31729.503
MinimumVisualStudioVersion = 10.0.40219.1
Project("{FAE04EC0-301F-11D3-BF4B-00C04F79EFBC}") = "РПМ1.09", "РПМ1.09\РПМ1.09.csproj", "{D2DA127D-C8A8-4F12-94B9-FB07B554EDC3}"
EndProject
Global
	GlobalSection(SolutionConfigurationPlatforms) = preSolution
		Debug|Any CPU = Debug|Any CPU
		Release|Any CPU = Release|Any CPU
	EndGlobalSection
	GlobalSection(ProjectConfigurationPlatforms) = postSolution
		{D2DA127D-C8A8-4F12-94B9-FB07B554EDC3}.Debug|Any CPU.ActiveCfg = Debug|Any CPU
		{D2DA127D-C8A8-4F12-94B9-FB07B554EDC3}.Debug|Any CPU.Build.0 = Debug|Any CPU
		{D2DA127D-C8A8-4F12-94B9-FB07B554EDC3}.Release|Any CPU.ActiveCfg = Release|Any CPU
		{D2DA127D-C8A8-4F12-94B9-FB07B554EDC3}.Release|Any CPU.Build.0 = Release|Any CPU
	EndGlobalSection
	GlobalSection(SolutionProperties) = preSolution
		HideSolutionNode = FALSE
	EndGlobalSection
	GlobalSection(ExtensibilityGlobals) = postSolution
		SolutionGuid = {38401EC7-CD30-4289-938C-E5AAAED88D9D}
	EndGlobalSection
EndGlobal
